{
  "lockfileVersion": 1,
  "configVersion": 1,
  "workspaces": {
    "": {
      "name": "expand-my-type",
      "dependencies": {
        "@biomejs/js-api": "^4.0.0",
        "@biomejs/wasm-nodejs": "^2.4.10",
        "typescript": "^6.0.2",
      },
      "devDependencies": {
        "@biomejs/biome": "2.5.3",
        "@types/node": "^25.5.0",
      },
    },
  },
  "packages": {
    "@biomejs/biome": ["@biomejs/biome@2.5.3", "", { "optionalDependencies": { "@biomejs/cli-darwin-arm64": "2.5.3", "@biomejs/cli-darwin-x64": "2.5.3", "@biomejs/cli-linux-arm64": "2.5.3", "@biomejs/cli-linux-arm64-musl": "2.5.3", "@biomejs/cli-linux-x64": "2.5.3", "@biomejs/cli-linux-x64-musl": "2.5.3", "@biomejs/cli-win32-arm64": "2.5.3", "@biomejs/cli-win32-x64": "2.5.3" }, "bin": { "biome": "bin/biome" } }, "sha512-MrJswFdei9EfDwwUy2tQrPDpK0AO+RmMFvBoaaJ6ayBc3sUbHdCE+XG5N8vp+5So41ZupZJQm0roHFFhMGVD7A=="],

    "@biomejs/cli-darwin-arm64": ["@biomejs/cli-darwin-arm64@2.5.3", "", { "os": "darwin", "cpu": "arm64" }, "sha512-QhYP9muVQ0nUO5zztFuPbEwi4+94sJWVjaZds9aMi1l/KNZBiUjdiSUrGHsTaMGDXrYl+r4AS2sUKfgH3w+V3g=="],

    "@biomejs/cli-darwin-x64": ["@biomejs/cli-darwin-x64@2.5.3", "", { "os": "darwin", "cpu": "x64" }, "sha512-NC1Ss13UaW7QZX+y8j44bF7AP0jSJdBl6iRhe0MAkvaSqZy+mWg3GaXsrb+eSoHoGDBtaXWEbMVV0iVN2cZ7cQ=="],

    "@biomejs/cli-linux-arm64": ["@biomejs/cli-linux-arm64@2.5.3", "", { "os": "linux", "cpu": "arm64" }, "sha512-ksx1KWeyYW18ILL04msF/J4ZBtBDN33znYK8Z/aNv/vlBVxL9/g3mGP+omgHJKy4+KWbK87vcmmpmurfNjSgiA=="],

    "@biomejs/cli-linux-arm64-musl": ["@biomejs/cli-linux-arm64-musl@2.5.3", "", { "os": "linux", "cpu": "arm64" }, "sha512-fccix0w6xp6csCXgxeC0dU/3ecgRQal0y+cv2SP9ajNlhe7Yrk2Ug7UDe2j9AT9ZDYitkXpvUKgZjjuoYeP4Vg=="],

    "@biomejs/cli-linux-x64": ["@biomejs/cli-linux-x64@2.5.3", "", { "os": "linux", "cpu": "x64" }, "sha512-yMkJtilsgvILDcVkh187aVLTb64xYsrxYajx5kym+r1ULkO5HUOfu9AYKLGQbOVLwJtT2utNw7hhFNg+17mUYA=="],

    "@biomejs/cli-linux-x64-musl": ["@biomejs/cli-linux-x64-musl@2.5.3", "", { "os": "linux", "cpu": "x64" }, "sha512-O/yU9YKRUiHhmcjF2f38PSjseVk3G4VLWYc0G2HWpzdBVREV6G8IGWIVEFf7MFPfWIzNUIvPsEjeAZQIOgnLcQ=="],

    "@biomejs/cli-win32-arm64": ["@biomejs/cli-win32-arm64@2.5.3", "", { "os": "win32", "cpu": "arm64" }, "sha512-cX5z+GYwRcqEok0AH3KSfQGgqYd0Nomfp6Fbe1uiTtELE38hdH2k842wQ9wLNaF/JJ7r4rjJQ4VR+ce+fRmQbw=="],

    "@biomejs/cli-win32-x64": ["@biomejs/cli-win32-x64@2.5.3", "", { "os": "win32", "cpu": "x64" }, "sha512-ExSaJWi4/u6+GXCszlSKpWSjKNbDseAYqqkCznsCsZ/4uidZ/BEqsCc5/3ctlq6dfIubdIIRSVLC/PG9xPl70Q=="],

    "@biomejs/js-api": ["@biomejs/js-api@4.0.0", "", { "peerDependencies": { "@biomejs/wasm-bundler": "^2.3.0", "@biomejs/wasm-nodejs": "^2.3.0", "@biomejs/wasm-web": "^2.3.0" }, "optionalPeers": ["@biomejs/wasm-bundler", "@biomejs/wasm-nodejs", "@biomejs/wasm-web"] }, "sha512-EOArR/6drRzM1/hwOIz1pZw90FL31Ud4Y7hEHGWVtMNmAwS9SrwZ8hMENGlLVXCeGW/kL46p8kX7eO6x9Nmezg=="],

    "@biomejs/wasm-nodejs": ["@biomejs/wasm-nodejs@2.4.10", "", {}, "sha512-WG+5mniFUNery9qnByTR2fKkOVroZYbwiJby2B/o8X7/pVA/3dr1EJSCHOearjC26rgjaXXkfb6kmfHiO2cOhA=="],

    "@types/node": ["@types/node@25.5.0", "", { "dependencies": { "undici-types": "~7.18.0" } }, "sha512-jp2P3tQMSxWugkCUKLRPVUpGaL5MVFwF8RDuSRztfwgN1wmqJeMSbKlnEtQqU8UrhTmzEmZdu2I6v2dpp7XIxw=="],

    "typescript": ["typescript@6.0.2", "", { "bin": { "tsc": "bin/tsc", "tsserver": "bin/tsserver" } }, "sha512-bGdAIrZ0wiGDo5l8c++HWtbaNCWTS4UTv7RaTH/ThVIgjkveJt83m74bBHMJkuCbslY8ixgLBVZJIOiQlQTjfQ=="],

    "undici-types": ["undici-types@7.18.2", "", {}, "sha512-AsuCzffGHJybSaRrmr5eHr81mwJU3kjw6M+uprWvCXiNeN9SOGwQ3Jn8jb8m3Z6izVgknn1R0FTCEAP2QrLY/w=="],
  }
}
